
Microsoft Visual Studio Solution File, Format Version 12.00
# Visual Studio Version 16
VisualStudioVersion = 16.0.30320.27
MinimumVisualStudioVersion = 10.0.40219.1
Project("{FAE04EC0-301F-11D3-BF4B-00C04F79EFBC}") = "FellowShipApp.API", "FellowShipApp.API\FellowShipApp.API.csproj", "{778CD9FD-182A-4CB0-95B6-F5B6450AAB7C}"
EndProject
Global
	GlobalSection(SolutionConfigurationPlatforms) = preSolution
		Debug|Any CPU = Debug|Any CPU
		Release|Any CPU = Release|Any CPU
	EndGlobalSection
	GlobalSection(ProjectConfigurationPlatforms) = postSolution
		{778CD9FD-182A-4CB0-95B6-F5B6450AAB7C}.Debug|Any CPU.ActiveCfg = Debug|Any CPU
		{778CD9FD-182A-4CB0-95B6-F5B6450AAB7C}.Debug|Any CPU.Build.0 = Debug|Any CPU
		{778CD9FD-182A-4CB0-95B6-F5B6450AAB7C}.Release|Any CPU.ActiveCfg = Release|Any CPU
		{778CD9FD-182A-4CB0-95B6-F5B6450AAB7C}.Release|Any CPU.Build.0 = Release|Any CPU
	EndGlobalSection
	GlobalSection(SolutionProperties) = preSolution
		HideSolutionNode = FALSE
	EndGlobalSection
	GlobalSection(ExtensibilityGlobals) = postSolution
		SolutionGuid = {E112E0A6-34F8-4C85-AA63-AAAE29B406DC}
	EndGlobalSection
EndGlobal
